// !$*UTF8*$!
{
	archiveVersion = 1;
	classes = {
	};
	objectVersion = 50;
	objects = {

/* Begin PBXBuildFile section */
		503B98F9267D30A4006F752F /* NowNowNowApp.swift in Sources */ = {isa = PBXBuildFile; fileRef = 503B98D0267D30A2006F752F /* NowNowNowApp.swift */; };
		503B98FA267D30A4006F752F /* NowNowNowApp.swift in Sources */ = {isa = PBXBuildFile; fileRef = 503B98D0267D30A2006F752F /* NowNowNowApp.swift */; };
		503B98FB267D30A4006F752F /* NowExcerptListView.swift in Sources */ = {isa = PBXBuildFile; fileRef = 503B98D1267D30A2006F752F /* NowExcerptListView.swift */; };
		503B98FC267D30A4006F752F /* NowExcerptListView.swift in Sources */ = {isa = PBXBuildFile; fileRef = 503B98D1267D30A2006F752F /* NowExcerptListView.swift */; };
		503B98FD267D30A4006F752F /* Assets.xcassets in Resources */ = {isa = PBXBuildFile; fileRef = 503B98D2267D30A4006F752F /* Assets.xcassets */; };
		503B98FE267D30A4006F752F /* Assets.xcassets in Resources */ = {isa = PBXBuildFile; fileRef = 503B98D2267D30A4006F752F /* Assets.xcassets */; };
		503B990E267DDF1E006F752F /* NowExcerptViewModel.swift in Sources */ = {isa = PBXBuildFile; fileRef = 503B990D267DDF1E006F752F /* NowExcerptViewModel.swift */; };
		503B990F267DDF1E006F752F /* NowExcerptViewModel.swift in Sources */ = {isa = PBXBuildFile; fileRef = 503B990D267DDF1E006F752F /* NowExcerptViewModel.swift */; };
		503B9911267F66D8006F752F /* CircleImage.swift in Sources */ = {isa = PBXBuildFile; fileRef = 503B9910267F66D8006F752F /* CircleImage.swift */; };
		503B9912267F66D8006F752F /* CircleImage.swift in Sources */ = {isa = PBXBuildFile; fileRef = 503B9910267F66D8006F752F /* CircleImage.swift */; };
		50544D082691CE5700F704D7 /* Environment+fontSize.swift in Sources */ = {isa = PBXBuildFile; fileRef = 50544D072691CE5700F704D7 /* Environment+fontSize.swift */; };
		50544D092691CE5700F704D7 /* Environment+fontSize.swift in Sources */ = {isa = PBXBuildFile; fileRef = 50544D072691CE5700F704D7 /* Environment+fontSize.swift */; };
		50544D0C2691D0B300F704D7 /* NowNowNowApp+fontSizeGroup.swift in Sources */ = {isa = PBXBuildFile; fileRef = 50544D0A2691D0B300F704D7 /* NowNowNowApp+fontSizeGroup.swift */; };
		50544D0E2691D20C00F704D7 /* NowNowNowApp+fontSizeCommandGroup.swift in Sources */ = {isa = PBXBuildFile; fileRef = 50544D0D2691D20C00F704D7 /* NowNowNowApp+fontSizeCommandGroup.swift */; };
		50544D1126921E8600F704D7 /* NoSelectionView.swift in Sources */ = {isa = PBXBuildFile; fileRef = 50544D1026921E8600F704D7 /* NoSelectionView.swift */; };
		50544D1226921E8600F704D7 /* NoSelectionView.swift in Sources */ = {isa = PBXBuildFile; fileRef = 50544D1026921E8600F704D7 /* NoSelectionView.swift */; };
		50544D2F269308E900F704D7 /* TextField+unfilteredInput.swift in Sources */ = {isa = PBXBuildFile; fileRef = 50544D2E269308E900F704D7 /* TextField+unfilteredInput.swift */; };
		50544D30269308E900F704D7 /* TextField+unfilteredInput.swift in Sources */ = {isa = PBXBuildFile; fileRef = 50544D2E269308E900F704D7 /* TextField+unfilteredInput.swift */; };
		50544D32269309AA00F704D7 /* NowPageURLValidator.swift in Sources */ = {isa = PBXBuildFile; fileRef = 50544D31269309AA00F704D7 /* NowPageURLValidator.swift */; };
		50544D33269309AA00F704D7 /* NowPageURLValidator.swift in Sources */ = {isa = PBXBuildFile; fileRef = 50544D31269309AA00F704D7 /* NowPageURLValidator.swift */; };
		50544D35269309F800F704D7 /* NowPageURLView.swift in Sources */ = {isa = PBXBuildFile; fileRef = 50544D34269309F800F704D7 /* NowPageURLView.swift */; };
		50544D36269309F800F704D7 /* NowPageURLView.swift in Sources */ = {isa = PBXBuildFile; fileRef = 50544D34269309F800F704D7 /* NowPageURLView.swift */; };
		5065642E2690703B00076639 /* KeyPath+Comparable.swift in Sources */ = {isa = PBXBuildFile; fileRef = 5065642D2690703B00076639 /* KeyPath+Comparable.swift */; };
		5065642F2690703B00076639 /* KeyPath+Comparable.swift in Sources */ = {isa = PBXBuildFile; fileRef = 5065642D2690703B00076639 /* KeyPath+Comparable.swift */; };
		506564312690716A00076639 /* Store.swift in Sources */ = {isa = PBXBuildFile; fileRef = 506564302690716A00076639 /* Store.swift */; };
		506564322690716A00076639 /* Store.swift in Sources */ = {isa = PBXBuildFile; fileRef = 506564302690716A00076639 /* Store.swift */; };
		50656434269074B100076639 /* Store+App.swift in Sources */ = {isa = PBXBuildFile; fileRef = 50656433269074B100076639 /* Store+App.swift */; };
		50656435269074B100076639 /* Store+App.swift in Sources */ = {isa = PBXBuildFile; fileRef = 50656433269074B100076639 /* Store+App.swift */; };
		5065643826907FC500076639 /* ExcerptListConnector.swift in Sources */ = {isa = PBXBuildFile; fileRef = 5065643726907FC500076639 /* ExcerptListConnector.swift */; };
		5065643926907FC500076639 /* ExcerptListConnector.swift in Sources */ = {isa = PBXBuildFile; fileRef = 5065643726907FC500076639 /* ExcerptListConnector.swift */; };
		50738646268C9028004092A9 /* AddSubscriptionButton.swift in Sources */ = {isa = PBXBuildFile; fileRef = 50738645268C9028004092A9 /* AddSubscriptionButton.swift */; };
		50738647268C9028004092A9 /* AddSubscriptionButton.swift in Sources */ = {isa = PBXBuildFile; fileRef = 50738645268C9028004092A9 /* AddSubscriptionButton.swift */; };
		50738649268DA397004092A9 /* NowSnapshotViewModel.swift in Sources */ = {isa = PBXBuildFile; fileRef = 50738648268DA397004092A9 /* NowSnapshotViewModel.swift */; };
		5073864A268DA397004092A9 /* NowSnapshotViewModel.swift in Sources */ = {isa = PBXBuildFile; fileRef = 50738648268DA397004092A9 /* NowSnapshotViewModel.swift */; };
		5073864C268DA42E004092A9 /* NowSnapshotView.swift in Sources */ = {isa = PBXBuildFile; fileRef = 5073864B268DA42E004092A9 /* NowSnapshotView.swift */; };
		5073864D268DA42E004092A9 /* NowSnapshotView.swift in Sources */ = {isa = PBXBuildFile; fileRef = 5073864B268DA42E004092A9 /* NowSnapshotView.swift */; };
		50738654268DB19B004092A9 /* NowSnapshot.swift in Sources */ = {isa = PBXBuildFile; fileRef = 50738653268DB19B004092A9 /* NowSnapshot.swift */; };
		50738655268DB19B004092A9 /* NowSnapshot.swift in Sources */ = {isa = PBXBuildFile; fileRef = 50738653268DB19B004092A9 /* NowSnapshot.swift */; };
		509DF6A7268C4E2500090624 /* Image+nowPlaceholderIcon.swift in Sources */ = {isa = PBXBuildFile; fileRef = 509DF6A6268C4E2500090624 /* Image+nowPlaceholderIcon.swift */; };
		509DF6A8268C4E2500090624 /* Image+nowPlaceholderIcon.swift in Sources */ = {isa = PBXBuildFile; fileRef = 509DF6A6268C4E2500090624 /* Image+nowPlaceholderIcon.swift */; };
		509DF6AA268C53D700090624 /* NowExcerptView.swift in Sources */ = {isa = PBXBuildFile; fileRef = 509DF6A9268C53D700090624 /* NowExcerptView.swift */; };
		509DF6AB268C53D700090624 /* NowExcerptView.swift in Sources */ = {isa = PBXBuildFile; fileRef = 509DF6A9268C53D700090624 /* NowExcerptView.swift */; };
		509DF6B0268C814100090624 /* NewSubscriptionView.swift in Sources */ = {isa = PBXBuildFile; fileRef = 509DF6AF268C814100090624 /* NewSubscriptionView.swift */; };
		509DF6B1268C814100090624 /* NewSubscriptionView.swift in Sources */ = {isa = PBXBuildFile; fileRef = 509DF6AF268C814100090624 /* NewSubscriptionView.swift */; };
/* End PBXBuildFile section */

/* Begin PBXContainerItemProxy section */
		503B98E8267D30A4006F752F /* PBXContainerItemProxy */ = {
			isa = PBXContainerItemProxy;
			containerPortal = 503B98CB267D30A2006F752F /* Project object */;
			proxyType = 1;
			remoteGlobalIDString = 503B98D6267D30A4006F752F;
			remoteInfo = "NowNowNow (iOS)";
		};
		503B98F3267D30A4006F752F /* PBXContainerItemProxy */ = {
			isa = PBXContainerItemProxy;
			containerPortal = 503B98CB267D30A2006F752F /* Project object */;
			proxyType = 1;
			remoteGlobalIDString = 503B98DE267D30A4006F752F;
			remoteInfo = "NowNowNow (macOS)";
		};
/* End PBXContainerItemProxy section */

/* Begin PBXFileReference section */
		503B98D0267D30A2006F752F /* NowNowNowApp.swift */ = {isa = PBXFileReference; lastKnownFileType = sourcecode.swift; path = NowNowNowApp.swift; sourceTree = "<group>"; };
		503B98D1267D30A2006F752F /* NowExcerptListView.swift */ = {isa = PBXFileReference; lastKnownFileType = sourcecode.swift; path = NowExcerptListView.swift; sourceTree = "<group>"; };
		503B98D2267D30A4006F752F /* Assets.xcassets */ = {isa = PBXFileReference; lastKnownFileType = folder.assetcatalog; path = Assets.xcassets; sourceTree = "<group>"; };
		503B98D7267D30A4006F752F /* NowNowNow.app */ = {isa = PBXFileReference; explicitFileType = wrapper.application; includeInIndex = 0; path = NowNowNow.app; sourceTree = BUILT_PRODUCTS_DIR; };
		503B98DA267D30A4006F752F /* Info.plist */ = {isa = PBXFileReference; lastKnownFileType = text.plist.xml; path = Info.plist; sourceTree = "<group>"; };
		503B98DF267D30A4006F752F /* NowNowNow.app */ = {isa = PBXFileReference; explicitFileType = wrapper.application; includeInIndex = 0; path = NowNowNow.app; sourceTree = BUILT_PRODUCTS_DIR; };
		503B98E1267D30A4006F752F /* Info.plist */ = {isa = PBXFileReference; lastKnownFileType = text.plist.xml; path = Info.plist; sourceTree = "<group>"; };
		503B98E2267D30A4006F752F /* macOS.entitlements */ = {isa = PBXFileReference; lastKnownFileType = text.plist.entitlements; path = macOS.entitlements; sourceTree = "<group>"; };
		503B98E7267D30A4006F752F /* Tests iOS.xctest */ = {isa = PBXFileReference; explicitFileType = wrapper.cfbundle; includeInIndex = 0; path = "Tests iOS.xctest"; sourceTree = BUILT_PRODUCTS_DIR; };
		503B98ED267D30A4006F752F /* Info.plist */ = {isa = PBXFileReference; lastKnownFileType = text.plist.xml; path = Info.plist; sourceTree = "<group>"; };
		503B98F2267D30A4006F752F /* Tests macOS.xctest */ = {isa = PBXFileReference; explicitFileType = wrapper.cfbundle; includeInIndex = 0; path = "Tests macOS.xctest"; sourceTree = BUILT_PRODUCTS_DIR; };
		503B98F8267D30A4006F752F /* Info.plist */ = {isa = PBXFileReference; lastKnownFileType = text.plist.xml; path = Info.plist; sourceTree = "<group>"; };
		503B990D267DDF1E006F752F /* NowExcerptViewModel.swift */ = {isa = PBXFileReference; lastKnownFileType = sourcecode.swift; path = NowExcerptViewModel.swift; sourceTree = "<group>"; };
		503B9910267F66D8006F752F /* CircleImage.swift */ = {isa = PBXFileReference; lastKnownFileType = sourcecode.swift; path = CircleImage.swift; sourceTree = "<group>"; };
		50544D072691CE5700F704D7 /* Environment+fontSize.swift */ = {isa = PBXFileReference; lastKnownFileType = sourcecode.swift; path = "Environment+fontSize.swift"; sourceTree = "<group>"; };
		50544D0A2691D0B300F704D7 /* NowNowNowApp+fontSizeGroup.swift */ = {isa = PBXFileReference; lastKnownFileType = sourcecode.swift; path = "NowNowNowApp+fontSizeGroup.swift"; sourceTree = "<group>"; };
		50544D0D2691D20C00F704D7 /* NowNowNowApp+fontSizeCommandGroup.swift */ = {isa = PBXFileReference; lastKnownFileType = sourcecode.swift; path = "NowNowNowApp+fontSizeCommandGroup.swift"; sourceTree = "<group>"; };
		50544D1026921E8600F704D7 /* NoSelectionView.swift */ = {isa = PBXFileReference; lastKnownFileType = sourcecode.swift; path = NoSelectionView.swift; sourceTree = "<group>"; };
		50544D2E269308E900F704D7 /* TextField+unfilteredInput.swift */ = {isa = PBXFileReference; lastKnownFileType = sourcecode.swift; path = "TextField+unfilteredInput.swift"; sourceTree = "<group>"; };
		50544D31269309AA00F704D7 /* NowPageURLValidator.swift */ = {isa = PBXFileReference; lastKnownFileType = sourcecode.swift; path = NowPageURLValidator.swift; sourceTree = "<group>"; };
		50544D34269309F800F704D7 /* NowPageURLView.swift */ = {isa = PBXFileReference; lastKnownFileType = sourcecode.swift; path = NowPageURLView.swift; sourceTree = "<group>"; };
		5065642D2690703B00076639 /* KeyPath+Comparable.swift */ = {isa = PBXFileReference; lastKnownFileType = sourcecode.swift; path = "KeyPath+Comparable.swift"; sourceTree = "<group>"; };
		506564302690716A00076639 /* Store.swift */ = {isa = PBXFileReference; lastKnownFileType = sourcecode.swift; path = Store.swift; sourceTree = "<group>"; };
		50656433269074B100076639 /* Store+App.swift */ = {isa = PBXFileReference; lastKnownFileType = sourcecode.swift; path = "Store+App.swift"; sourceTree = "<group>"; };
		5065643726907FC500076639 /* ExcerptListConnector.swift */ = {isa = PBXFileReference; lastKnownFileType = sourcecode.swift; path = ExcerptListConnector.swift; sourceTree = "<group>"; };
		50738645268C9028004092A9 /* AddSubscriptionButton.swift */ = {isa = PBXFileReference; lastKnownFileType = sourcecode.swift; path = AddSubscriptionButton.swift; sourceTree = "<group>"; };
		50738648268DA397004092A9 /* NowSnapshotViewModel.swift */ = {isa = PBXFileReference; lastKnownFileType = sourcecode.swift; path = NowSnapshotViewModel.swift; sourceTree = "<group>"; };
		5073864B268DA42E004092A9 /* NowSnapshotView.swift */ = {isa = PBXFileReference; lastKnownFileType = sourcecode.swift; path = NowSnapshotView.swift; sourceTree = "<group>"; };
		50738653268DB19B004092A9 /* NowSnapshot.swift */ = {isa = PBXFileReference; lastKnownFileType = sourcecode.swift; path = NowSnapshot.swift; sourceTree = "<group>"; };
		509DF6A6268C4E2500090624 /* Image+nowPlaceholderIcon.swift */ = {isa = PBXFileReference; lastKnownFileType = sourcecode.swift; path = "Image+nowPlaceholderIcon.swift"; sourceTree = "<group>"; };
		509DF6A9268C53D700090624 /* NowExcerptView.swift */ = {isa = PBXFileReference; lastKnownFileType = sourcecode.swift; path = NowExcerptView.swift; sourceTree = "<group>"; };
		509DF6AF268C814100090624 /* NewSubscriptionView.swift */ = {isa = PBXFileReference; lastKnownFileType = sourcecode.swift; path = NewSubscriptionView.swift; sourceTree = "<group>"; };
/* End PBXFileReference section */

/* Begin PBXFrameworksBuildPhase section */
		503B98D4267D30A4006F752F /* Frameworks */ = {
			isa = PBXFrameworksBuildPhase;
			buildActionMask = 2147483647;
			files = (
			);
			runOnlyForDeploymentPostprocessing = 0;
		};
		503B98DC267D30A4006F752F /* Frameworks */ = {
			isa = PBXFrameworksBuildPhase;
			buildActionMask = 2147483647;
			files = (
			);
			runOnlyForDeploymentPostprocessing = 0;
		};
		503B98E4267D30A4006F752F /* Frameworks */ = {
			isa = PBXFrameworksBuildPhase;
			buildActionMask = 2147483647;
			files = (
			);
			runOnlyForDeploymentPostprocessing = 0;
		};
		503B98EF267D30A4006F752F /* Frameworks */ = {
			isa = PBXFrameworksBuildPhase;
			buildActionMask = 2147483647;
			files = (
			);
			runOnlyForDeploymentPostprocessing = 0;
		};
/* End PBXFrameworksBuildPhase section */

/* Begin PBXGroup section */
		503B98CA267D30A2006F752F = {
			isa = PBXGroup;
			children = (
				503B98CF267D30A2006F752F /* Shared */,
				503B98D9267D30A4006F752F /* iOS */,
				503B98E0267D30A4006F752F /* macOS */,
				503B98EA267D30A4006F752F /* Tests iOS */,
				503B98F5267D30A4006F752F /* Tests macOS */,
				503B98D8267D30A4006F752F /* Products */,
			);
			sourceTree = "<group>";
		};
		503B98CF267D30A2006F752F /* Shared */ = {
			isa = PBXGroup;
			children = (
				503B98D0267D30A2006F752F /* NowNowNowApp.swift */,
				50656436269074D500076639 /* State */,
				5073864F268DB0D3004092A9 /* Excerpt Sidebar */,
				5073864E268DB0C7004092A9 /* Snapshot Detail */,
				50544D132692E33700F704D7 /* Add Page */,
				503B9910267F66D8006F752F /* CircleImage.swift */,
				509DF6A6268C4E2500090624 /* Image+nowPlaceholderIcon.swift */,
				5065642D2690703B00076639 /* KeyPath+Comparable.swift */,
				50544D072691CE5700F704D7 /* Environment+fontSize.swift */,
				50544D2E269308E900F704D7 /* TextField+unfilteredInput.swift */,
				503B98D2267D30A4006F752F /* Assets.xcassets */,
			);
			path = Shared;
			sourceTree = "<group>";
		};
		503B98D8267D30A4006F752F /* Products */ = {
			isa = PBXGroup;
			children = (
				503B98D7267D30A4006F752F /* NowNowNow.app */,
				503B98DF267D30A4006F752F /* NowNowNow.app */,
				503B98E7267D30A4006F752F /* Tests iOS.xctest */,
				503B98F2267D30A4006F752F /* Tests macOS.xctest */,
			);
			name = Products;
			sourceTree = "<group>";
		};
		503B98D9267D30A4006F752F /* iOS */ = {
			isa = PBXGroup;
			children = (
				503B98DA267D30A4006F752F /* Info.plist */,
				50544D0D2691D20C00F704D7 /* NowNowNowApp+fontSizeCommandGroup.swift */,
			);
			path = iOS;
			sourceTree = "<group>";
		};
		503B98E0267D30A4006F752F /* macOS */ = {
			isa = PBXGroup;
			children = (
				503B98E1267D30A4006F752F /* Info.plist */,
				503B98E2267D30A4006F752F /* macOS.entitlements */,
				50544D0A2691D0B300F704D7 /* NowNowNowApp+fontSizeGroup.swift */,
			);
			path = macOS;
			sourceTree = "<group>";
		};
		503B98EA267D30A4006F752F /* Tests iOS */ = {
			isa = PBXGroup;
			children = (
				503B98ED267D30A4006F752F /* Info.plist */,
			);
			path = "Tests iOS";
			sourceTree = "<group>";
		};
		503B98F5267D30A4006F752F /* Tests macOS */ = {
			isa = PBXGroup;
			children = (
				503B98F8267D30A4006F752F /* Info.plist */,
			);
			path = "Tests macOS";
			sourceTree = "<group>";
		};
		50544D132692E33700F704D7 /* Add Page */ = {
			isa = PBXGroup;
			children = (
				50738645268C9028004092A9 /* AddSubscriptionButton.swift */,
				509DF6AF268C814100090624 /* NewSubscriptionView.swift */,
				50544D34269309F800F704D7 /* NowPageURLView.swift */,
				50544D31269309AA00F704D7 /* NowPageURLValidator.swift */,
			);
			path = "Add Page";
			sourceTree = "<group>";
		};
		50656436269074D500076639 /* State */ = {
			isa = PBXGroup;
			children = (
				506564302690716A00076639 /* Store.swift */,
				50656433269074B100076639 /* Store+App.swift */,
				50738653268DB19B004092A9 /* NowSnapshot.swift */,
			);
			path = State;
			sourceTree = "<group>";
		};
		5073864E268DB0C7004092A9 /* Snapshot Detail */ = {
			isa = PBXGroup;
			children = (
				50738648268DA397004092A9 /* NowSnapshotViewModel.swift */,
				5073864B268DA42E004092A9 /* NowSnapshotView.swift */,
				50544D1026921E8600F704D7 /* NoSelectionView.swift */,
			);
			path = "Snapshot Detail";
			sourceTree = "<group>";
		};
		5073864F268DB0D3004092A9 /* Excerpt Sidebar */ = {
			isa = PBXGroup;
			children = (
				503B98D1267D30A2006F752F /* NowExcerptListView.swift */,
				509DF6A9268C53D700090624 /* NowExcerptView.swift */,
				503B990D267DDF1E006F752F /* NowExcerptViewModel.swift */,
				5065643726907FC500076639 /* ExcerptListConnector.swift */,
			);
			path = "Excerpt Sidebar";
			sourceTree = "<group>";
		};
/* End PBXGroup section */

/* Begin PBXNativeTarget section */
		503B98D6267D30A4006F752F /* NowNowNow (iOS) */ = {
			isa = PBXNativeTarget;
			buildConfigurationList = 503B9901267D30A4006F752F /* Build configuration list for PBXNativeTarget "NowNowNow (iOS)" */;
			buildPhases = (
				503B98D3267D30A4006F752F /* Sources */,
				503B98D4267D30A4006F752F /* Frameworks */,
				503B98D5267D30A4006F752F /* Resources */,
			);
			buildRules = (
			);
			dependencies = (
			);
			name = "NowNowNow (iOS)";
			productName = "NowNowNow (iOS)";
			productReference = 503B98D7267D30A4006F752F /* NowNowNow.app */;
			productType = "com.apple.product-type.application";
		};
		503B98DE267D30A4006F752F /* NowNowNow (macOS) */ = {
			isa = PBXNativeTarget;
			buildConfigurationList = 503B9904267D30A4006F752F /* Build configuration list for PBXNativeTarget "NowNowNow (macOS)" */;
			buildPhases = (
				503B98DB267D30A4006F752F /* Sources */,
				503B98DC267D30A4006F752F /* Frameworks */,
				503B98DD267D30A4006F752F /* Resources */,
			);
			buildRules = (
			);
			dependencies = (
			);
			name = "NowNowNow (macOS)";
			productName = "NowNowNow (macOS)";
			productReference = 503B98DF267D30A4006F752F /* NowNowNow.app */;
			productType = "com.apple.product-type.application";
		};
		503B98E6267D30A4006F752F /* Tests iOS */ = {
			isa = PBXNativeTarget;
			buildConfigurationList = 503B9907267D30A4006F752F /* Build configuration list for PBXNativeTarget "Tests iOS" */;
			buildPhases = (
				503B98E3267D30A4006F752F /* Sources */,
				503B98E4267D30A4006F752F /* Frameworks */,
				503B98E5267D30A4006F752F /* Resources */,
			);
			buildRules = (
			);
			dependencies = (
				503B98E9267D30A4006F752F /* PBXTargetDependency */,
			);
			name = "Tests iOS";
			productName = "Tests iOS";
			productReference = 503B98E7267D30A4006F752F /* Tests iOS.xctest */;
			productType = "com.apple.product-type.bundle.ui-testing";
		};
		503B98F1267D30A4006F752F /* Tests macOS */ = {
			isa = PBXNativeTarget;
			buildConfigurationList = 503B990A267D30A4006F752F /* Build configuration list for PBXNativeTarget "Tests macOS" */;
			buildPhases = (
				503B98EE267D30A4006F752F /* Sources */,
				503B98EF267D30A4006F752F /* Frameworks */,
				503B98F0267D30A4006F752F /* Resources */,
			);
			buildRules = (
			);
			dependencies = (
				503B98F4267D30A4006F752F /* PBXTargetDependency */,
			);
			name = "Tests macOS";
			productName = "Tests macOS";
			productReference = 503B98F2267D30A4006F752F /* Tests macOS.xctest */;
			productType = "com.apple.product-type.bundle.ui-testing";
		};
/* End PBXNativeTarget section */

/* Begin PBXProject section */
		503B98CB267D30A2006F752F /* Project object */ = {
			isa = PBXProject;
			attributes = {
				LastSwiftUpdateCheck = 1250;
				LastUpgradeCheck = 1250;
				TargetAttributes = {
					503B98D6267D30A4006F752F = {
						CreatedOnToolsVersion = 12.5;
					};
					503B98DE267D30A4006F752F = {
						CreatedOnToolsVersion = 12.5;
					};
					503B98E6267D30A4006F752F = {
						CreatedOnToolsVersion = 12.5;
						TestTargetID = 503B98D6267D30A4006F752F;
					};
					503B98F1267D30A4006F752F = {
						CreatedOnToolsVersion = 12.5;
						TestTargetID = 503B98DE267D30A4006F752F;
					};
				};
			};
			buildConfigurationList = 503B98CE267D30A2006F752F /* Build configuration list for PBXProject "NowNowNow" */;
			compatibilityVersion = "Xcode 9.3";
			developmentRegion = en;
			hasScannedForEncodings = 0;
			knownRegions = (
				en,
				Base,
			);
			mainGroup = 503B98CA267D30A2006F752F;
			productRefGroup = 503B98D8267D30A4006F752F /* Products */;
			projectDirPath = "";
			projectRoot = "";
			targets = (
				503B98D6267D30A4006F752F /* NowNowNow (iOS) */,
				503B98DE267D30A4006F752F /* NowNowNow (macOS) */,
				503B98E6267D30A4006F752F /* Tests iOS */,
				503B98F1267D30A4006F752F /* Tests macOS */,
			);
		};
/* End PBXProject section */

/* Begin PBXResourcesBuildPhase section */
		503B98D5267D30A4006F752F /* Resources */ = {
			isa = PBXResourcesBuildPhase;
			buildActionMask = 2147483647;
			files = (
				503B98FD267D30A4006F752F /* Assets.xcassets in Resources */,
			);
			runOnlyForDeploymentPostprocessing = 0;
		};
		503B98DD267D30A4006F752F /* Resources */ = {
			isa = PBXResourcesBuildPhase;
			buildActionMask = 2147483647;
			files = (
				503B98FE267D30A4006F752F /* Assets.xcassets in Resources */,
			);
			runOnlyForDeploymentPostprocessing = 0;
		};
		503B98E5267D30A4006F752F /* Resources */ = {
			isa = PBXResourcesBuildPhase;
			buildActionMask = 2147483647;
			files = (
			);
			runOnlyForDeploymentPostprocessing = 0;
		};
		503B98F0267D30A4006F752F /* Resources */ = {
			isa = PBXResourcesBuildPhase;
			buildActionMask = 2147483647;
			files = (
			);
			runOnlyForDeploymentPostprocessing = 0;
		};
/* End PBXResourcesBuildPhase section */

/* Begin PBXSourcesBuildPhase section */
		503B98D3267D30A4006F752F /* Sources */ = {
			isa = PBXSourcesBuildPhase;
			buildActionMask = 2147483647;
			files = (
				50544D35269309F800F704D7 /* NowPageURLView.swift in Sources */,
				5073864C268DA42E004092A9 /* NowSnapshotView.swift in Sources */,
				503B98FB267D30A4006F752F /* NowExcerptListView.swift in Sources */,
				50544D2F269308E900F704D7 /* TextField+unfilteredInput.swift in Sources */,
				509DF6B0268C814100090624 /* NewSubscriptionView.swift in Sources */,
				50544D1126921E8600F704D7 /* NoSelectionView.swift in Sources */,
				509DF6A7268C4E2500090624 /* Image+nowPlaceholderIcon.swift in Sources */,
				503B9911267F66D8006F752F /* CircleImage.swift in Sources */,
				503B98F9267D30A4006F752F /* NowNowNowApp.swift in Sources */,
				50738646268C9028004092A9 /* AddSubscriptionButton.swift in Sources */,
				50544D082691CE5700F704D7 /* Environment+fontSize.swift in Sources */,
				50544D32269309AA00F704D7 /* NowPageURLValidator.swift in Sources */,
				5065643826907FC500076639 /* ExcerptListConnector.swift in Sources */,
				506564312690716A00076639 /* Store.swift in Sources */,
				503B990E267DDF1E006F752F /* NowExcerptViewModel.swift in Sources */,
				50656434269074B100076639 /* Store+App.swift in Sources */,
				50738649268DA397004092A9 /* NowSnapshotViewModel.swift in Sources */,
				50738654268DB19B004092A9 /* NowSnapshot.swift in Sources */,
				5065642E2690703B00076639 /* KeyPath+Comparable.swift in Sources */,
				50544D0E2691D20C00F704D7 /* NowNowNowApp+fontSizeCommandGroup.swift in Sources */,
				509DF6AA268C53D700090624 /* NowExcerptView.swift in Sources */,
			);
			runOnlyForDeploymentPostprocessing = 0;
		};
		503B98DB267D30A4006F752F /* Sources */ = {
			isa = PBXSourcesBuildPhase;
			buildActionMask = 2147483647;
			files = (
				50544D36269309F800F704D7 /* NowPageURLView.swift in Sources */,
				5073864D268DA42E004092A9 /* NowSnapshotView.swift in Sources */,
				503B98FC267D30A4006F752F /* NowExcerptListView.swift in Sources */,
				50544D30269308E900F704D7 /* TextField+unfilteredInput.swift in Sources */,
				509DF6B1268C814100090624 /* NewSubscriptionView.swift in Sources */,
				50544D1226921E8600F704D7 /* NoSelectionView.swift in Sources */,
				509DF6A8268C4E2500090624 /* Image+nowPlaceholderIcon.swift in Sources */,
				503B9912267F66D8006F752F /* CircleImage.swift in Sources */,
				503B98FA267D30A4006F752F /* NowNowNowApp.swift in Sources */,
				50738647268C9028004092A9 /* AddSubscriptionButton.swift in Sources */,
				50544D092691CE5700F704D7 /* Environment+fontSize.swift in Sources */,
				50544D33269309AA00F704D7 /* NowPageURLValidator.swift in Sources */,
				5065643926907FC500076639 /* ExcerptListConnector.swift in Sources */,
				506564322690716A00076639 /* Store.swift in Sources */,
				503B990F267DDF1E006F752F /* NowExcerptViewModel.swift in Sources */,
				50656435269074B100076639 /* Store+App.swift in Sources */,
				5073864A268DA397004092A9 /* NowSnapshotViewModel.swift in Sources */,
				50738655268DB19B004092A9 /* NowSnapshot.swift in Sources */,
				50544D0C2691D0B300F704D7 /* NowNowNowApp+fontSizeGroup.swift in Sources */,
				5065642F2690703B00076639 /* KeyPath+Comparable.swift in Sources */,
				509DF6AB268C53D700090624 /* NowExcerptView.swift in Sources */,
			);
			runOnlyForDeploymentPostprocessing = 0;
		};
		503B98E3267D30A4006F752F /* Sources */ = {
			isa = PBXSourcesBuildPhase;
			buildActionMask = 2147483647;
			files = (
			);
			runOnlyForDeploymentPostprocessing = 0;
		};
		503B98EE267D30A4006F752F /* Sources */ = {
			isa = PBXSourcesBuildPhase;
			buildActionMask = 2147483647;
			files = (
			);
			runOnlyForDeploymentPostprocessing = 0;
		};
/* End PBXSourcesBuildPhase section */

/* Begin PBXTargetDependency section */
		503B98E9267D30A4006F752F /* PBXTargetDependency */ = {
			isa = PBXTargetDependency;
			target = 503B98D6267D30A4006F752F /* NowNowNow (iOS) */;
			targetProxy = 503B98E8267D30A4006F752F /* PBXContainerItemProxy */;
		};
		503B98F4267D30A4006F752F /* PBXTargetDependency */ = {
			isa = PBXTargetDependency;
			target = 503B98DE267D30A4006F752F /* NowNowNow (macOS) */;
			targetProxy = 503B98F3267D30A4006F752F /* PBXContainerItemProxy */;
		};
/* End PBXTargetDependency section */

/* Begin XCBuildConfiguration section */
		503B98FF267D30A4006F752F /* Debug */ = {
			isa = XCBuildConfiguration;
			buildSettings = {
				ALWAYS_SEARCH_USER_PATHS = NO;
				CLANG_ANALYZER_NONNULL = YES;
				CLANG_ANALYZER_NUMBER_OBJECT_CONVERSION = YES_AGGRESSIVE;
				CLANG_CXX_LANGUAGE_STANDARD = "gnu++14";
				CLANG_CXX_LIBRARY = "libc++";
				CLANG_ENABLE_MODULES = YES;
				CLANG_ENABLE_OBJC_ARC = YES;
				CLANG_ENABLE_OBJC_WEAK = YES;
				CLANG_WARN_BLOCK_CAPTURE_AUTORELEASING = YES;
				CLANG_WARN_BOOL_CONVERSION = YES;
				CLANG_WARN_COMMA = YES;
				CLANG_WARN_CONSTANT_CONVERSION = YES;
				CLANG_WARN_DEPRECATED_OBJC_IMPLEMENTATIONS = YES;
				CLANG_WARN_DIRECT_OBJC_ISA_USAGE = YES_ERROR;
				CLANG_WARN_DOCUMENTATION_COMMENTS = YES;
				CLANG_WARN_EMPTY_BODY = YES;
				CLANG_WARN_ENUM_CONVERSION = YES;
				CLANG_WARN_INFINITE_RECURSION = YES;
				CLANG_WARN_INT_CONVERSION = YES;
				CLANG_WARN_NON_LITERAL_NULL_CONVERSION = YES;
				CLANG_WARN_OBJC_IMPLICIT_RETAIN_SELF = YES;
				CLANG_WARN_OBJC_LITERAL_CONVERSION = YES;
				CLANG_WARN_OBJC_ROOT_CLASS = YES_ERROR;
				CLANG_WARN_QUOTED_INCLUDE_IN_FRAMEWORK_HEADER = YES;
				CLANG_WARN_RANGE_LOOP_ANALYSIS = YES;
				CLANG_WARN_STRICT_PROTOTYPES = YES;
				CLANG_WARN_SUSPICIOUS_MOVE = YES;
				CLANG_WARN_UNGUARDED_AVAILABILITY = YES_AGGRESSIVE;
				CLANG_WARN_UNREACHABLE_CODE = YES;
				CLANG_WARN__DUPLICATE_METHOD_MATCH = YES;
				COPY_PHASE_STRIP = NO;
				DEBUG_INFORMATION_FORMAT = dwarf;
				ENABLE_STRICT_OBJC_MSGSEND = YES;
				ENABLE_TESTABILITY = YES;
				GCC_C_LANGUAGE_STANDARD = gnu11;
				GCC_DYNAMIC_NO_PIC = NO;
				GCC_NO_COMMON_BLOCKS = YES;
				GCC_OPTIMIZATION_LEVEL = 0;
				GCC_PREPROCESSOR_DEFINITIONS = (
					"DEBUG=1",
					"$(inherited)",
				);
				GCC_WARN_64_TO_32_BIT_CONVERSION = YES;
				GCC_WARN_ABOUT_RETURN_TYPE = YES_ERROR;
				GCC_WARN_UNDECLARED_SELECTOR = YES;
				GCC_WARN_UNINITIALIZED_AUTOS = YES_AGGRESSIVE;
				GCC_WARN_UNUSED_FUNCTION = YES;
				GCC_WARN_UNUSED_VARIABLE = YES;
				MTL_ENABLE_DEBUG_INFO = INCLUDE_SOURCE;
				MTL_FAST_MATH = YES;
				ONLY_ACTIVE_ARCH = YES;
				SWIFT_ACTIVE_COMPILATION_CONDITIONS = DEBUG;
				SWIFT_OPTIMIZATION_LEVEL = "-Onone";
			};
			name = Debug;
		};
		503B9900267D30A4006F752F /* Release */ = {
			isa = XCBuildConfiguration;
			buildSettings = {
				ALWAYS_SEARCH_USER_PATHS = NO;
				CLANG_ANALYZER_NONNULL = YES;
				CLANG_ANALYZER_NUMBER_OBJECT_CONVERSION = YES_AGGRESSIVE;
				CLANG_CXX_LANGUAGE_STANDARD = "gnu++14";
				CLANG_CXX_LIBRARY = "libc++";
				CLANG_ENABLE_MODULES = YES;
				CLANG_ENABLE_OBJC_ARC = YES;
				CLANG_ENABLE_OBJC_WEAK = YES;
				CLANG_WARN_BLOCK_CAPTURE_AUTORELEASING = YES;
				CLANG_WARN_BOOL_CONVERSION = YES;
				CLANG_WARN_COMMA = YES;
				CLANG_WARN_CONSTANT_CONVERSION = YES;
				CLANG_WARN_DEPRECATED_OBJC_IMPLEMENTATIONS = YES;
				CLANG_WARN_DIRECT_OBJC_ISA_USAGE = YES_ERROR;
				CLANG_WARN_DOCUMENTATION_COMMENTS = YES;
				CLANG_WARN_EMPTY_BODY = YES;
				CLANG_WARN_ENUM_CONVERSION = YES;
				CLANG_WARN_INFINITE_RECURSION = YES;
				CLANG_WARN_INT_CONVERSION = YES;
				CLANG_WARN_NON_LITERAL_NULL_CONVERSION = YES;
				CLANG_WARN_OBJC_IMPLICIT_RETAIN_SELF = YES;
				CLANG_WARN_OBJC_LITERAL_CONVERSION = YES;
				CLANG_WARN_OBJC_ROOT_CLASS = YES_ERROR;
				CLANG_WARN_QUOTED_INCLUDE_IN_FRAMEWORK_HEADER = YES;
				CLANG_WARN_RANGE_LOOP_ANALYSIS = YES;
				CLANG_WARN_STRICT_PROTOTYPES = YES;
				CLANG_WARN_SUSPICIOUS_MOVE = YES;
				CLANG_WARN_UNGUARDED_AVAILABILITY = YES_AGGRESSIVE;
				CLANG_WARN_UNREACHABLE_CODE = YES;
				CLANG_WARN__DUPLICATE_METHOD_MATCH = YES;
				COPY_PHASE_STRIP = NO;
				DEBUG_INFORMATION_FORMAT = "dwarf-with-dsym";
				ENABLE_NS_ASSERTIONS = NO;
				ENABLE_STRICT_OBJC_MSGSEND = YES;
				GCC_C_LANGUAGE_STANDARD = gnu11;
				GCC_NO_COMMON_BLOCKS = YES;
				GCC_WARN_64_TO_32_BIT_CONVERSION = YES;
				GCC_WARN_ABOUT_RETURN_TYPE = YES_ERROR;
				GCC_WARN_UNDECLARED_SELECTOR = YES;
				GCC_WARN_UNINITIALIZED_AUTOS = YES_AGGRESSIVE;
				GCC_WARN_UNUSED_FUNCTION = YES;
				GCC_WARN_UNUSED_VARIABLE = YES;
				MTL_ENABLE_DEBUG_INFO = NO;
				MTL_FAST_MATH = YES;
				SWIFT_COMPILATION_MODE = wholemodule;
				SWIFT_OPTIMIZATION_LEVEL = "-O";
			};
			name = Release;
		};
		503B9902267D30A4006F752F /* Debug */ = {
			isa = XCBuildConfiguration;
			buildSettings = {
				ASSETCATALOG_COMPILER_APPICON_NAME = AppIcon;
				ASSETCATALOG_COMPILER_GLOBAL_ACCENT_COLOR_NAME = AccentColor;
				CODE_SIGN_STYLE = Automatic;
				DEVELOPMENT_TEAM = FRMDA3XRGC;
				ENABLE_PREVIEWS = YES;
				INFOPLIST_FILE = iOS/Info.plist;
				IPHONEOS_DEPLOYMENT_TARGET = 15.0;
				LD_RUNPATH_SEARCH_PATHS = (
					"$(inherited)",
					"@executable_path/Frameworks",
				);
				PRODUCT_BUNDLE_IDENTIFIER = de.christiantietze.NowNowNow;
				PRODUCT_NAME = NowNowNow;
				SDKROOT = iphoneos;
				SWIFT_VERSION = 5.0;
				TARGETED_DEVICE_FAMILY = "1,2";
			};
			name = Debug;
		};
		503B9903267D30A4006F752F /* Release */ = {
			isa = XCBuildConfiguration;
			buildSettings = {
				ASSETCATALOG_COMPILER_APPICON_NAME = AppIcon;
				ASSETCATALOG_COMPILER_GLOBAL_ACCENT_COLOR_NAME = AccentColor;
				CODE_SIGN_STYLE = Automatic;
				DEVELOPMENT_TEAM = FRMDA3XRGC;
				ENABLE_PREVIEWS = YES;
				INFOPLIST_FILE = iOS/Info.plist;
				IPHONEOS_DEPLOYMENT_TARGET = 15.0;
				LD_RUNPATH_SEARCH_PATHS = (
					"$(inherited)",
					"@executable_path/Frameworks",
				);
				PRODUCT_BUNDLE_IDENTIFIER = de.christiantietze.NowNowNow;
				PRODUCT_NAME = NowNowNow;
				SDKROOT = iphoneos;
				SWIFT_VERSION = 5.0;
				TARGETED_DEVICE_FAMILY = "1,2";
				VALIDATE_PRODUCT = YES;
			};
			name = Release;
		};
		503B9905267D30A4006F752F /* Debug */ = {
			isa = XCBuildConfiguration;
			buildSettings = {
				ASSETCATALOG_COMPILER_APPICON_NAME = AppIcon;
				ASSETCATALOG_COMPILER_GLOBAL_ACCENT_COLOR_NAME = AccentColor;
				CODE_SIGN_ENTITLEMENTS = macOS/macOS.entitlements;
				CODE_SIGN_STYLE = Automatic;
				COMBINE_HIDPI_IMAGES = YES;
				DEVELOPMENT_TEAM = FRMDA3XRGC;
				ENABLE_HARDENED_RUNTIME = YES;
				ENABLE_PREVIEWS = YES;
				INFOPLIST_FILE = macOS/Info.plist;
				LD_RUNPATH_SEARCH_PATHS = (
					"$(inherited)",
					"@executable_path/../Frameworks",
				);
				MACOSX_DEPLOYMENT_TARGET = 11.3;
				PRODUCT_BUNDLE_IDENTIFIER = de.christiantietze.NowNowNow;
				PRODUCT_NAME = NowNowNow;
				SDKROOT = macosx;
				SWIFT_VERSION = 5.0;
			};
			name = Debug;
		};
		503B9906267D30A4006F752F /* Release */ = {
			isa = XCBuildConfiguration;
			buildSettings = {
				ASSETCATALOG_COMPILER_APPICON_NAME = AppIcon;
				ASSETCATALOG_COMPILER_GLOBAL_ACCENT_COLOR_NAME = AccentColor;
				CODE_SIGN_ENTITLEMENTS = macOS/macOS.entitlements;
				CODE_SIGN_STYLE = Automatic;
				COMBINE_HIDPI_IMAGES = YES;
				DEVELOPMENT_TEAM = FRMDA3XRGC;
				ENABLE_HARDENED_RUNTIME = YES;
				ENABLE_PREVIEWS = YES;
				INFOPLIST_FILE = macOS/Info.plist;
				LD_RUNPATH_SEARCH_PATHS = (
					"$(inherited)",
					"@executable_path/../Frameworks",
				);
				MACOSX_DEPLOYMENT_TARGET = 11.3;
				PRODUCT_BUNDLE_IDENTIFIER = de.christiantietze.NowNowNow;
				PRODUCT_NAME = NowNowNow;
				SDKROOT = macosx;
				SWIFT_VERSION = 5.0;
			};
			name = Release;
		};
		503B9908267D30A4006F752F /* Debug */ = {
			isa = XCBuildConfiguration;
			buildSettings = {
				ALWAYS_EMBED_SWIFT_STANDARD_LIBRARIES = YES;
				CODE_SIGN_STYLE = Automatic;
				DEVELOPMENT_TEAM = FRMDA3XRGC;
				INFOPLIST_FILE = "Tests iOS/Info.plist";
				IPHONEOS_DEPLOYMENT_TARGET = 14.5;
				LD_RUNPATH_SEARCH_PATHS = (
					"$(inherited)",
					"@executable_path/Frameworks",
					"@loader_path/Frameworks",
				);
				PRODUCT_BUNDLE_IDENTIFIER = "de.christiantietze.Tests-iOS";
				PRODUCT_NAME = "$(TARGET_NAME)";
				SDKROOT = iphoneos;
				SWIFT_VERSION = 5.0;
				TARGETED_DEVICE_FAMILY = "1,2";
				TEST_TARGET_NAME = "NowNowNow (iOS)";
			};
			name = Debug;
		};
		503B9909267D30A4006F752F /* Release */ = {
			isa = XCBuildConfiguration;
			buildSettings = {
				ALWAYS_EMBED_SWIFT_STANDARD_LIBRARIES = YES;
				CODE_SIGN_STYLE = Automatic;
				DEVELOPMENT_TEAM = FRMDA3XRGC;
				INFOPLIST_FILE = "Tests iOS/Info.plist";
				IPHONEOS_DEPLOYMENT_TARGET = 14.5;
				LD_RUNPATH_SEARCH_PATHS = (
					"$(inherited)",
					"@executable_path/Frameworks",
					"@loader_path/Frameworks",
				);
				PRODUCT_BUNDLE_IDENTIFIER = "de.christiantietze.Tests-iOS";
				PRODUCT_NAME = "$(TARGET_NAME)";
				SDKROOT = iphoneos;
				SWIFT_VERSION = 5.0;
				TARGETED_DEVICE_FAMILY = "1,2";
				TEST_TARGET_NAME = "NowNowNow (iOS)";
				VALIDATE_PRODUCT = YES;
			};
			name = Release;
		};
		503B990B267D30A4006F752F /* Debug */ = {
			isa = XCBuildConfiguration;
			buildSettings = {
				ALWAYS_EMBED_SWIFT_STANDARD_LIBRARIES = YES;
				CODE_SIGN_STYLE = Automatic;
				COMBINE_HIDPI_IMAGES = YES;
				DEVELOPMENT_TEAM = FRMDA3XRGC;
				INFOPLIST_FILE = "Tests macOS/Info.plist";
				LD_RUNPATH_SEARCH_PATHS = (
					"$(inherited)",
					"@executable_path/../Frameworks",
					"@loader_path/../Frameworks",
				);
				MACOSX_DEPLOYMENT_TARGET = 11.3;
				PRODUCT_BUNDLE_IDENTIFIER = "de.christiantietze.Tests-macOS";
				PRODUCT_NAME = "$(TARGET_NAME)";
				SDKROOT = macosx;
				SWIFT_VERSION = 5.0;
				TEST_TARGET_NAME = "NowNowNow (macOS)";
			};
			name = Debug;
		};
		503B990C267D30A4006F752F /* Release */ = {
			isa = XCBuildConfiguration;
			buildSettings = {
				ALWAYS_EMBED_SWIFT_STANDARD_LIBRARIES = YES;
				CODE_SIGN_STYLE = Automatic;
				COMBINE_HIDPI_IMAGES = YES;
				DEVELOPMENT_TEAM = FRMDA3XRGC;
				INFOPLIST_FILE = "Tests macOS/Info.plist";
				LD_RUNPATH_SEARCH_PATHS = (
					"$(inherited)",
					"@executable_path/../Frameworks",
					"@loader_path/../Frameworks",
				);
				MACOSX_DEPLOYMENT_TARGET = 11.3;
				PRODUCT_BUNDLE_IDENTIFIER = "de.christiantietze.Tests-macOS";
				PRODUCT_NAME = "$(TARGET_NAME)";
				SDKROOT = macosx;
				SWIFT_VERSION = 5.0;
				TEST_TARGET_NAME = "NowNowNow (macOS)";
			};
			name = Release;
		};
/* End XCBuildConfiguration section */

/* Begin XCConfigurationList section */
		503B98CE267D30A2006F752F /* Build configuration list for PBXProject "NowNowNow" */ = {
			isa = XCConfigurationList;
			buildConfigurations = (
				503B98FF267D30A4006F752F /* Debug */,
				503B9900267D30A4006F752F /* Release */,
			);
			defaultConfigurationIsVisible = 0;
			defaultConfigurationName = Release;
		};
		503B9901267D30A4006F752F /* Build configuration list for PBXNativeTarget "NowNowNow (iOS)" */ = {
			isa = XCConfigurationList;
			buildConfigurations = (
				503B9902267D30A4006F752F /* Debug */,
				503B9903267D30A4006F752F /* Release */,
			);
			defaultConfigurationIsVisible = 0;
			defaultConfigurationName = Release;
		};
		503B9904267D30A4006F752F /* Build configuration list for PBXNativeTarget "NowNowNow (macOS)" */ = {
			isa = XCConfigurationList;
			buildConfigurations = (
				503B9905267D30A4006F752F /* Debug */,
				503B9906267D30A4006F752F /* Release */,
			);
			defaultConfigurationIsVisible = 0;
			defaultConfigurationName = Release;
		};
		503B9907267D30A4006F752F /* Build configuration list for PBXNativeTarget "Tests iOS" */ = {
			isa = XCConfigurationList;
			buildConfigurations = (
				503B9908267D30A4006F752F /* Debug */,
				503B9909267D30A4006F752F /* Release */,
			);
			defaultConfigurationIsVisible = 0;
			defaultConfigurationName = Release;
		};
		503B990A267D30A4006F752F /* Build configuration list for PBXNativeTarget "Tests macOS" */ = {
			isa = XCConfigurationList;
			buildConfigurations = (
				503B990B267D30A4006F752F /* Debug */,
				503B990C267D30A4006F752F /* Release */,
			);
			defaultConfigurationIsVisible = 0;
			defaultConfigurationName = Release;
		};
/* End XCConfigurationList section */
	};
	rootObject = 503B98CB267D30A2006F752F /* Project object */;
}
